
Microsoft Visual Studio Solution File, Format Version 12.00
# Visual Studio Version 17
VisualStudioVersion = 17.0.32802.463
MinimumVisualStudioVersion = 10.0.40219.1
Project("{9A19103F-16F7-4668-BE54-9A1E7A4F7556}") = "Property.Services", "Property.Services\Property.Services.csproj", "{B5C8A39F-C4DB-49A9-8414-82650D0FF70F}"
EndProject
Project("{9A19103F-16F7-4668-BE54-9A1E7A4F7556}") = "Property.Web", "Property.Web\Property.Web.csproj", "{71EA050A-FEE9-4207-AE4A-7EACD8063C9E}"
EndProject
Project("{9A19103F-16F7-4668-BE54-9A1E7A4F7556}") = "Property.Minimal.Service", "Property.Minimal.Service\Property.Minimal.Service.csproj", "{16859388-5322-4CB8-9D3E-C9BD9E038A5B}"
EndProject
Project("{FAE04EC0-301F-11D3-BF4B-00C04F79EFBC}") = "Property.IdentityServer", "Property.IdentityServer\Property.IdentityServer.csproj", "{528DD5AF-C729-4569-B38F-9193EC65F7FC}"
EndProject
Global
	GlobalSection(SolutionConfigurationPlatforms) = preSolution
		Debug|Any CPU = Debug|Any CPU
		Release|Any CPU = Release|Any CPU
	EndGlobalSection
	GlobalSection(ProjectConfigurationPlatforms) = postSolution
		{B5C8A39F-C4DB-49A9-8414-82650D0FF70F}.Debug|Any CPU.ActiveCfg = Debug|Any CPU
		{B5C8A39F-C4DB-49A9-8414-82650D0FF70F}.Debug|Any CPU.Build.0 = Debug|Any CPU
		{B5C8A39F-C4DB-49A9-8414-82650D0FF70F}.Release|Any CPU.ActiveCfg = Release|Any CPU
		{B5C8A39F-C4DB-49A9-8414-82650D0FF70F}.Release|Any CPU.Build.0 = Release|Any CPU
		{71EA050A-FEE9-4207-AE4A-7EACD8063C9E}.Debug|Any CPU.ActiveCfg = Debug|Any CPU
		{71EA050A-FEE9-4207-AE4A-7EACD8063C9E}.Debug|Any CPU.Build.0 = Debug|Any CPU
		{71EA050A-FEE9-4207-AE4A-7EACD8063C9E}.Release|Any CPU.ActiveCfg = Release|Any CPU
		{71EA050A-FEE9-4207-AE4A-7EACD8063C9E}.Release|Any CPU.Build.0 = Release|Any CPU
		{16859388-5322-4CB8-9D3E-C9BD9E038A5B}.Debug|Any CPU.ActiveCfg = Debug|Any CPU
		{16859388-5322-4CB8-9D3E-C9BD9E038A5B}.Debug|Any CPU.Build.0 = Debug|Any CPU
		{16859388-5322-4CB8-9D3E-C9BD9E038A5B}.Release|Any CPU.ActiveCfg = Release|Any CPU
		{16859388-5322-4CB8-9D3E-C9BD9E038A5B}.Release|Any CPU.Build.0 = Release|Any CPU
		{528DD5AF-C729-4569-B38F-9193EC65F7FC}.Debug|Any CPU.ActiveCfg = Debug|Any CPU
		{528DD5AF-C729-4569-B38F-9193EC65F7FC}.Debug|Any CPU.Build.0 = Debug|Any CPU
		{528DD5AF-C729-4569-B38F-9193EC65F7FC}.Release|Any CPU.ActiveCfg = Release|Any CPU
		{528DD5AF-C729-4569-B38F-9193EC65F7FC}.Release|Any CPU.Build.0 = Release|Any CPU
	EndGlobalSection
	GlobalSection(SolutionProperties) = preSolution
		HideSolutionNode = FALSE
	EndGlobalSection
	GlobalSection(ExtensibilityGlobals) = postSolution
		SolutionGuid = {FA847397-B5C7-4750-A6FC-9DE904B85F15}
	EndGlobalSection
EndGlobal
